// !$*UTF8*$!
{
	archiveVersion = 1;
	classes = {
	};
	objectVersion = 48;
	objects = {

/* Begin PBXBuildFile section */
		3C432C8C201B5A7100457156 /* AppDelegate.swift in Sources */ = {isa = PBXBuildFile; fileRef = 3C432C8B201B5A7100457156 /* AppDelegate.swift */; };
		3C432C8E201B5A7100457156 /* SingleImageViewController.swift in Sources */ = {isa = PBXBuildFile; fileRef = 3C432C8D201B5A7100457156 /* SingleImageViewController.swift */; };
		3C432C91201B5A7100457156 /* Main.storyboard in Resources */ = {isa = PBXBuildFile; fileRef = 3C432C8F201B5A7100457156 /* Main.storyboard */; };
		3C432C93201B5A7100457156 /* Assets.xcassets in Resources */ = {isa = PBXBuildFile; fileRef = 3C432C92201B5A7100457156 /* Assets.xcassets */; };
		3C432C96201B5A7100457156 /* LaunchScreen.storyboard in Resources */ = {isa = PBXBuildFile; fileRef = 3C432C94201B5A7100457156 /* LaunchScreen.storyboard */; };
		3C432C9E201B7E1B00457156 /* UIImageViewExtensions.swift in Sources */ = {isa = PBXBuildFile; fileRef = 3C432C9D201B7E1B00457156 /* UIImageViewExtensions.swift */; };
		3C432CA0201B9D6E00457156 /* ImageListViewController.swift in Sources */ = {isa = PBXBuildFile; fileRef = 3C432C9F201B9D6E00457156 /* ImageListViewController.swift */; };
		3C432CA2201B9DAD00457156 /* CustomCell.swift in Sources */ = {isa = PBXBuildFile; fileRef = 3C432CA1201B9DAD00457156 /* CustomCell.swift */; };
		3C432CA4201C5EE800457156 /* CustomImageView.swift in Sources */ = {isa = PBXBuildFile; fileRef = 3C432CA3201C5EE800457156 /* CustomImageView.swift */; };
		3C432CA6201C707700457156 /* ImageCache.swift in Sources */ = {isa = PBXBuildFile; fileRef = 3C432CA5201C707700457156 /* ImageCache.swift */; };
/* End PBXBuildFile section */

/* Begin PBXFileReference section */
		3C432C88201B5A7100457156 /* LoadAndCacheImages.app */ = {isa = PBXFileReference; explicitFileType = wrapper.application; includeInIndex = 0; path = LoadAndCacheImages.app; sourceTree = BUILT_PRODUCTS_DIR; };
		3C432C8B201B5A7100457156 /* AppDelegate.swift */ = {isa = PBXFileReference; lastKnownFileType = sourcecode.swift; path = AppDelegate.swift; sourceTree = "<group>"; };
		3C432C8D201B5A7100457156 /* SingleImageViewController.swift */ = {isa = PBXFileReference; lastKnownFileType = sourcecode.swift; path = SingleImageViewController.swift; sourceTree = "<group>"; };
		3C432C90201B5A7100457156 /* Base */ = {isa = PBXFileReference; lastKnownFileType = file.storyboard; name = Base; path = Base.lproj/Main.storyboard; sourceTree = "<group>"; };
		3C432C92201B5A7100457156 /* Assets.xcassets */ = {isa = PBXFileReference; lastKnownFileType = folder.assetcatalog; path = Assets.xcassets; sourceTree = "<group>"; };
		3C432C95201B5A7100457156 /* Base */ = {isa = PBXFileReference; lastKnownFileType = file.storyboard; name = Base; path = Base.lproj/LaunchScreen.storyboard; sourceTree = "<group>"; };
		3C432C97201B5A7100457156 /* Info.plist */ = {isa = PBXFileReference; lastKnownFileType = text.plist.xml; path = Info.plist; sourceTree = "<group>"; };
		3C432C9D201B7E1B00457156 /* UIImageViewExtensions.swift */ = {isa = PBXFileReference; lastKnownFileType = sourcecode.swift; path = UIImageViewExtensions.swift; sourceTree = "<group>"; };
		3C432C9F201B9D6E00457156 /* ImageListViewController.swift */ = {isa = PBXFileReference; lastKnownFileType = sourcecode.swift; path = ImageListViewController.swift; sourceTree = "<group>"; };
		3C432CA1201B9DAD00457156 /* CustomCell.swift */ = {isa = PBXFileReference; lastKnownFileType = sourcecode.swift; path = CustomCell.swift; sourceTree = "<group>"; };
		3C432CA3201C5EE800457156 /* CustomImageView.swift */ = {isa = PBXFileReference; lastKnownFileType = sourcecode.swift; path = CustomImageView.swift; sourceTree = "<group>"; };
		3C432CA5201C707700457156 /* ImageCache.swift */ = {isa = PBXFileReference; lastKnownFileType = sourcecode.swift; path = ImageCache.swift; sourceTree = "<group>"; };
/* End PBXFileReference section */

/* Begin PBXFrameworksBuildPhase section */
		3C432C85201B5A7100457156 /* Frameworks */ = {
			isa = PBXFrameworksBuildPhase;
			buildActionMask = 2147483647;
			files = (
			);
			runOnlyForDeploymentPostprocessing = 0;
		};
/* End PBXFrameworksBuildPhase section */

/* Begin PBXGroup section */
		3C432C7F201B5A7100457156 = {
			isa = PBXGroup;
			children = (
				3C432C8A201B5A7100457156 /* LoadAndCacheImages */,
				3C432C89201B5A7100457156 /* Products */,
			);
			sourceTree = "<group>";
		};
		3C432C89201B5A7100457156 /* Products */ = {
			isa = PBXGroup;
			children = (
				3C432C88201B5A7100457156 /* LoadAndCacheImages.app */,
			);
			name = Products;
			sourceTree = "<group>";
		};
		3C432C8A201B5A7100457156 /* LoadAndCacheImages */ = {
			isa = PBXGroup;
			children = (
				3C432C8B201B5A7100457156 /* AppDelegate.swift */,
				3C432C8D201B5A7100457156 /* SingleImageViewController.swift */,
				3C432C8F201B5A7100457156 /* Main.storyboard */,
				3C432C92201B5A7100457156 /* Assets.xcassets */,
				3C432C94201B5A7100457156 /* LaunchScreen.storyboard */,
				3C432C97201B5A7100457156 /* Info.plist */,
				3C432C9D201B7E1B00457156 /* UIImageViewExtensions.swift */,
				3C432C9F201B9D6E00457156 /* ImageListViewController.swift */,
				3C432CA1201B9DAD00457156 /* CustomCell.swift */,
				3C432CA3201C5EE800457156 /* CustomImageView.swift */,
				3C432CA5201C707700457156 /* ImageCache.swift */,
			);
			path = LoadAndCacheImages;
			sourceTree = "<group>";
		};
/* End PBXGroup section */

/* Begin PBXNativeTarget section */
		3C432C87201B5A7100457156 /* LoadAndCacheImages */ = {
			isa = PBXNativeTarget;
			buildConfigurationList = 3C432C9A201B5A7100457156 /* Build configuration list for PBXNativeTarget "LoadAndCacheImages" */;
			buildPhases = (
				3C432C84201B5A7100457156 /* Sources */,
				3C432C85201B5A7100457156 /* Frameworks */,
				3C432C86201B5A7100457156 /* Resources */,
			);
			buildRules = (
			);
			dependencies = (
			);
			name = LoadAndCacheImages;
			productName = LoadAndCacheImages;
			productReference = 3C432C88201B5A7100457156 /* LoadAndCacheImages.app */;
			productType = "com.apple.product-type.application";
		};
/* End PBXNativeTarget section */

/* Begin PBXProject section */
		3C432C80201B5A7100457156 /* Project object */ = {
			isa = PBXProject;
			attributes = {
				LastSwiftUpdateCheck = 0920;
				LastUpgradeCheck = 0920;
				ORGANIZATIONNAME = danilovdev;
				TargetAttributes = {
					3C432C87201B5A7100457156 = {
						CreatedOnToolsVersion = 9.2;
						ProvisioningStyle = Automatic;
					};
				};
			};
			buildConfigurationList = 3C432C83201B5A7100457156 /* Build configuration list for PBXProject "LoadAndCacheImages" */;
			compatibilityVersion = "Xcode 8.0";
			developmentRegion = en;
			hasScannedForEncodings = 0;
			knownRegions = (
				en,
				Base,
			);
			mainGroup = 3C432C7F201B5A7100457156;
			productRefGroup = 3C432C89201B5A7100457156 /* Products */;
			projectDirPath = "";
			projectRoot = "";
			targets = (
				3C432C87201B5A7100457156 /* LoadAndCacheImages */,
			);
		};
/* End PBXProject section */

/* Begin PBXResourcesBuildPhase section */
		3C432C86201B5A7100457156 /* Resources */ = {
			isa = PBXResourcesBuildPhase;
			buildActionMask = 2147483647;
			files = (
				3C432C96201B5A7100457156 /* LaunchScreen.storyboard in Resources */,
				3C432C93201B5A7100457156 /* Assets.xcassets in Resources */,
				3C432C91201B5A7100457156 /* Main.storyboard in Resources */,
			);
			runOnlyForDeploymentPostprocessing = 0;
		};
/* End PBXResourcesBuildPhase section */

/* Begin PBXSourcesBuildPhase section */
		3C432C84201B5A7100457156 /* Sources */ = {
			isa = PBXSourcesBuildPhase;
			buildActionMask = 2147483647;
			files = (
				3C432C8E201B5A7100457156 /* SingleImageViewController.swift in Sources */,
				3C432CA4201C5EE800457156 /* CustomImageView.swift in Sources */,
				3C432C9E201B7E1B00457156 /* UIImageViewExtensions.swift in Sources */,
				3C432CA2201B9DAD00457156 /* CustomCell.swift in Sources */,
				3C432CA0201B9D6E00457156 /* ImageListViewController.swift in Sources */,
				3C432CA6201C707700457156 /* ImageCache.swift in Sources */,
				3C432C8C201B5A7100457156 /* AppDelegate.swift in Sources */,
			);
			runOnlyForDeploymentPostprocessing = 0;
		};
/* End PBXSourcesBuildPhase section */

/* Begin PBXVariantGroup section */
		3C432C8F201B5A7100457156 /* Main.storyboard */ = {
			isa = PBXVariantGroup;
			children = (
				3C432C90201B5A7100457156 /* Base */,
			);
			name = Main.storyboard;
			sourceTree = "<group>";
		};
		3C432C94201B5A7100457156 /* LaunchScreen.storyboard */ = {
			isa = PBXVariantGroup;
			children = (
				3C432C95201B5A7100457156 /* Base */,
			);
			name = LaunchScreen.storyboard;
			sourceTree = "<group>";
		};
/* End PBXVariantGroup section */

/* Begin XCBuildConfiguration section */
		3C432C98201B5A7100457156 /* Debug */ = {
			isa = XCBuildConfiguration;
			buildSettings = {
				ALWAYS_SEARCH_USER_PATHS = NO;
				CLANG_ANALYZER_NONNULL = YES;
				CLANG_ANALYZER_NUMBER_OBJECT_CONVERSION = YES_AGGRESSIVE;
				CLANG_CXX_LANGUAGE_STANDARD = "gnu++14";
				CLANG_CXX_LIBRARY = "libc++";
				CLANG_ENABLE_MODULES = YES;
				CLANG_ENABLE_OBJC_ARC = YES;
				CLANG_WARN_BLOCK_CAPTURE_AUTORELEASING = YES;
				CLANG_WARN_BOOL_CONVERSION = YES;
				CLANG_WARN_COMMA = YES;
				CLANG_WARN_CONSTANT_CONVERSION = YES;
				CLANG_WARN_DIRECT_OBJC_ISA_USAGE = YES_ERROR;
				CLANG_WARN_DOCUMENTATION_COMMENTS = YES;
				CLANG_WARN_EMPTY_BODY = YES;
				CLANG_WARN_ENUM_CONVERSION = YES;
				CLANG_WARN_INFINITE_RECURSION = YES;
				CLANG_WARN_INT_CONVERSION = YES;
				CLANG_WARN_NON_LITERAL_NULL_CONVERSION = YES;
				CLANG_WARN_OBJC_LITERAL_CONVERSION = YES;
				CLANG_WARN_OBJC_ROOT_CLASS = YES_ERROR;
				CLANG_WARN_RANGE_LOOP_ANALYSIS = YES;
				CLANG_WARN_STRICT_PROTOTYPES = YES;
				CLANG_WARN_SUSPICIOUS_MOVE = YES;
				CLANG_WARN_UNGUARDED_AVAILABILITY = YES_AGGRESSIVE;
				CLANG_WARN_UNREACHABLE_CODE = YES;
				CLANG_WARN__DUPLICATE_METHOD_MATCH = YES;
				CODE_SIGN_IDENTITY = "iPhone Developer";
				COPY_PHASE_STRIP = NO;
				DEBUG_INFORMATION_FORMAT = dwarf;
				ENABLE_STRICT_OBJC_MSGSEND = YES;
				ENABLE_TESTABILITY = YES;
				GCC_C_LANGUAGE_STANDARD = gnu11;
				GCC_DYNAMIC_NO_PIC = NO;
				GCC_NO_COMMON_BLOCKS = YES;
				GCC_OPTIMIZATION_LEVEL = 0;
				GCC_PREPROCESSOR_DEFINITIONS = (
					"DEBUG=1",
					"$(inherited)",
				);
				GCC_WARN_64_TO_32_BIT_CONVERSION = YES;
				GCC_WARN_ABOUT_RETURN_TYPE = YES_ERROR;
				GCC_WARN_UNDECLARED_SELECTOR = YES;
				GCC_WARN_UNINITIALIZED_AUTOS = YES_AGGRESSIVE;
				GCC_WARN_UNUSED_FUNCTION = YES;
				GCC_WARN_UNUSED_VARIABLE = YES;
				IPHONEOS_DEPLOYMENT_TARGET = 11.2;
				MTL_ENABLE_DEBUG_INFO = YES;
				ONLY_ACTIVE_ARCH = YES;
				SDKROOT = iphoneos;
				SWIFT_ACTIVE_COMPILATION_CONDITIONS = DEBUG;
				SWIFT_OPTIMIZATION_LEVEL = "-Onone";
			};
			name = Debug;
		};
		3C432C99201B5A7100457156 /* Release */ = {
			isa = XCBuildConfiguration;
			buildSettings = {
				ALWAYS_SEARCH_USER_PATHS = NO;
				CLANG_ANALYZER_NONNULL = YES;
				CLANG_ANALYZER_NUMBER_OBJECT_CONVERSION = YES_AGGRESSIVE;
				CLANG_CXX_LANGUAGE_STANDARD = "gnu++14";
				CLANG_CXX_LIBRARY = "libc++";
				CLANG_ENABLE_MODULES = YES;
				CLANG_ENABLE_OBJC_ARC = YES;
				CLANG_WARN_BLOCK_CAPTURE_AUTORELEASING = YES;
				CLANG_WARN_BOOL_CONVERSION = YES;
				CLANG_WARN_COMMA = YES;
				CLANG_WARN_CONSTANT_CONVERSION = YES;
				CLANG_WARN_DIRECT_OBJC_ISA_USAGE = YES_ERROR;
				CLANG_WARN_DOCUMENTATION_COMMENTS = YES;
				CLANG_WARN_EMPTY_BODY = YES;
				CLANG_WARN_ENUM_CONVERSION = YES;
				CLANG_WARN_INFINITE_RECURSION = YES;
				CLANG_WARN_INT_CONVERSION = YES;
				CLANG_WARN_NON_LITERAL_NULL_CONVERSION = YES;
				CLANG_WARN_OBJC_LITERAL_CONVERSION = YES;
				CLANG_WARN_OBJC_ROOT_CLASS = YES_ERROR;
				CLANG_WARN_RANGE_LOOP_ANALYSIS = YES;
				CLANG_WARN_STRICT_PROTOTYPES = YES;
				CLANG_WARN_SUSPICIOUS_MOVE = YES;
				CLANG_WARN_UNGUARDED_AVAILABILITY = YES_AGGRESSIVE;
				CLANG_WARN_UNREACHABLE_CODE = YES;
				CLANG_WARN__DUPLICATE_METHOD_MATCH = YES;
				CODE_SIGN_IDENTITY = "iPhone Developer";
				COPY_PHASE_STRIP = NO;
				DEBUG_INFORMATION_FORMAT = "dwarf-with-dsym";
				ENABLE_NS_ASSERTIONS = NO;
				ENABLE_STRICT_OBJC_MSGSEND = YES;
				GCC_C_LANGUAGE_STANDARD = gnu11;
				GCC_NO_COMMON_BLOCKS = YES;
				GCC_WARN_64_TO_32_BIT_CONVERSION = YES;
				GCC_WARN_ABOUT_RETURN_TYPE = YES_ERROR;
				GCC_WARN_UNDECLARED_SELECTOR = YES;
				GCC_WARN_UNINITIALIZED_AUTOS = YES_AGGRESSIVE;
				GCC_WARN_UNUSED_FUNCTION = YES;
				GCC_WARN_UNUSED_VARIABLE = YES;
				IPHONEOS_DEPLOYMENT_TARGET = 11.2;
				MTL_ENABLE_DEBUG_INFO = NO;
				SDKROOT = iphoneos;
				SWIFT_OPTIMIZATION_LEVEL = "-Owholemodule";
				VALIDATE_PRODUCT = YES;
			};
			name = Release;
		};
		3C432C9B201B5A7100457156 /* Debug */ = {
			isa = XCBuildConfiguration;
			buildSettings = {
				ASSETCATALOG_COMPILER_APPICON_NAME = AppIcon;
				CODE_SIGN_STYLE = Automatic;
				DEVELOPMENT_TEAM = G9F5S24X43;
				INFOPLIST_FILE = LoadAndCacheImages/Info.plist;
				LD_RUNPATH_SEARCH_PATHS = "$(inherited) @executable_path/Frameworks";
				PRODUCT_BUNDLE_IDENTIFIER = com.danilovdev.LoadAndCacheImages;
				PRODUCT_NAME = "$(TARGET_NAME)";
				SWIFT_VERSION = 4.0;
				TARGETED_DEVICE_FAMILY = "1,2";
			};
			name = Debug;
		};
		3C432C9C201B5A7100457156 /* Release */ = {
			isa = XCBuildConfiguration;
			buildSettings = {
				ASSETCATALOG_COMPILER_APPICON_NAME = AppIcon;
				CODE_SIGN_STYLE = Automatic;
				DEVELOPMENT_TEAM = G9F5S24X43;
				INFOPLIST_FILE = LoadAndCacheImages/Info.plist;
				LD_RUNPATH_SEARCH_PATHS = "$(inherited) @executable_path/Frameworks";
				PRODUCT_BUNDLE_IDENTIFIER = com.danilovdev.LoadAndCacheImages;
				PRODUCT_NAME = "$(TARGET_NAME)";
				SWIFT_VERSION = 4.0;
				TARGETED_DEVICE_FAMILY = "1,2";
			};
			name = Release;
		};
/* End XCBuildConfiguration section */

/* Begin XCConfigurationList section */
		3C432C83201B5A7100457156 /* Build configuration list for PBXProject "LoadAndCacheImages" */ = {
			isa = XCConfigurationList;
			buildConfigurations = (
				3C432C98201B5A7100457156 /* Debug */,
				3C432C99201B5A7100457156 /* Release */,
			);
			defaultConfigurationIsVisible = 0;
			defaultConfigurationName = Release;
		};
		3C432C9A201B5A7100457156 /* Build configuration list for PBXNativeTarget "LoadAndCacheImages" */ = {
			isa = XCConfigurationList;
			buildConfigurations = (
				3C432C9B201B5A7100457156 /* Debug */,
				3C432C9C201B5A7100457156 /* Release */,
			);
			defaultConfigurationIsVisible = 0;
			defaultConfigurationName = Release;
		};
/* End XCConfigurationList section */
	};
	rootObject = 3C432C80201B5A7100457156 /* Project object */;
}
