// !$*UTF8*$!
{
	archiveVersion = 1;
	classes = {
	};
	objectVersion = 48;
	objects = {

/* Begin PBXBuildFile section */
		3CB7D3D52024D6B700B0FA2C /* AppDelegate.swift in Sources */ = {isa = PBXBuildFile; fileRef = 3CB7D3D42024D6B700B0FA2C /* AppDelegate.swift */; };
		3CB7D3D72024D6B700B0FA2C /* ViewController.swift in Sources */ = {isa = PBXBuildFile; fileRef = 3CB7D3D62024D6B700B0FA2C /* ViewController.swift */; };
		3CB7D3DA2024D6B700B0FA2C /* Main.storyboard in Resources */ = {isa = PBXBuildFile; fileRef = 3CB7D3D82024D6B700B0FA2C /* Main.storyboard */; };
		3CB7D3DC2024D6B700B0FA2C /* Assets.xcassets in Resources */ = {isa = PBXBuildFile; fileRef = 3CB7D3DB2024D6B700B0FA2C /* Assets.xcassets */; };
		3CB7D3DF2024D6B700B0FA2C /* LaunchScreen.storyboard in Resources */ = {isa = PBXBuildFile; fileRef = 3CB7D3DD2024D6B700B0FA2C /* LaunchScreen.storyboard */; };
		3CB7D3E72024D6DE00B0FA2C /* KeyboardStateListener.swift in Sources */ = {isa = PBXBuildFile; fileRef = 3CB7D3E62024D6DE00B0FA2C /* KeyboardStateListener.swift */; };
/* End PBXBuildFile section */

/* Begin PBXFileReference section */
		3CB7D3D12024D6B700B0FA2C /* KeyboardStateDemo.app */ = {isa = PBXFileReference; explicitFileType = wrapper.application; includeInIndex = 0; path = KeyboardStateDemo.app; sourceTree = BUILT_PRODUCTS_DIR; };
		3CB7D3D42024D6B700B0FA2C /* AppDelegate.swift */ = {isa = PBXFileReference; lastKnownFileType = sourcecode.swift; path = AppDelegate.swift; sourceTree = "<group>"; };
		3CB7D3D62024D6B700B0FA2C /* ViewController.swift */ = {isa = PBXFileReference; lastKnownFileType = sourcecode.swift; path = ViewController.swift; sourceTree = "<group>"; };
		3CB7D3D92024D6B700B0FA2C /* Base */ = {isa = PBXFileReference; lastKnownFileType = file.storyboard; name = Base; path = Base.lproj/Main.storyboard; sourceTree = "<group>"; };
		3CB7D3DB2024D6B700B0FA2C /* Assets.xcassets */ = {isa = PBXFileReference; lastKnownFileType = folder.assetcatalog; path = Assets.xcassets; sourceTree = "<group>"; };
		3CB7D3DE2024D6B700B0FA2C /* Base */ = {isa = PBXFileReference; lastKnownFileType = file.storyboard; name = Base; path = Base.lproj/LaunchScreen.storyboard; sourceTree = "<group>"; };
		3CB7D3E02024D6B700B0FA2C /* Info.plist */ = {isa = PBXFileReference; lastKnownFileType = text.plist.xml; path = Info.plist; sourceTree = "<group>"; };
		3CB7D3E62024D6DE00B0FA2C /* KeyboardStateListener.swift */ = {isa = PBXFileReference; lastKnownFileType = sourcecode.swift; path = KeyboardStateListener.swift; sourceTree = "<group>"; };
/* End PBXFileReference section */

/* Begin PBXFrameworksBuildPhase section */
		3CB7D3CE2024D6B700B0FA2C /* Frameworks */ = {
			isa = PBXFrameworksBuildPhase;
			buildActionMask = 2147483647;
			files = (
			);
			runOnlyForDeploymentPostprocessing = 0;
		};
/* End PBXFrameworksBuildPhase section */

/* Begin PBXGroup section */
		3CB7D3C82024D6B700B0FA2C = {
			isa = PBXGroup;
			children = (
				3CB7D3D32024D6B700B0FA2C /* KeyboardStateDemo */,
				3CB7D3D22024D6B700B0FA2C /* Products */,
			);
			sourceTree = "<group>";
		};
		3CB7D3D22024D6B700B0FA2C /* Products */ = {
			isa = PBXGroup;
			children = (
				3CB7D3D12024D6B700B0FA2C /* KeyboardStateDemo.app */,
			);
			name = Products;
			sourceTree = "<group>";
		};
		3CB7D3D32024D6B700B0FA2C /* KeyboardStateDemo */ = {
			isa = PBXGroup;
			children = (
				3CB7D3D42024D6B700B0FA2C /* AppDelegate.swift */,
				3CB7D3D62024D6B700B0FA2C /* ViewController.swift */,
				3CB7D3D82024D6B700B0FA2C /* Main.storyboard */,
				3CB7D3DB2024D6B700B0FA2C /* Assets.xcassets */,
				3CB7D3DD2024D6B700B0FA2C /* LaunchScreen.storyboard */,
				3CB7D3E02024D6B700B0FA2C /* Info.plist */,
				3CB7D3E62024D6DE00B0FA2C /* KeyboardStateListener.swift */,
			);
			path = KeyboardStateDemo;
			sourceTree = "<group>";
		};
/* End PBXGroup section */

/* Begin PBXNativeTarget section */
		3CB7D3D02024D6B700B0FA2C /* KeyboardStateDemo */ = {
			isa = PBXNativeTarget;
			buildConfigurationList = 3CB7D3E32024D6B700B0FA2C /* Build configuration list for PBXNativeTarget "KeyboardStateDemo" */;
			buildPhases = (
				3CB7D3CD2024D6B700B0FA2C /* Sources */,
				3CB7D3CE2024D6B700B0FA2C /* Frameworks */,
				3CB7D3CF2024D6B700B0FA2C /* Resources */,
			);
			buildRules = (
			);
			dependencies = (
			);
			name = KeyboardStateDemo;
			productName = KeyboardStateDemo;
			productReference = 3CB7D3D12024D6B700B0FA2C /* KeyboardStateDemo.app */;
			productType = "com.apple.product-type.application";
		};
/* End PBXNativeTarget section */

/* Begin PBXProject section */
		3CB7D3C92024D6B700B0FA2C /* Project object */ = {
			isa = PBXProject;
			attributes = {
				LastSwiftUpdateCheck = 0920;
				LastUpgradeCheck = 0920;
				ORGANIZATIONNAME = danilovdev;
				TargetAttributes = {
					3CB7D3D02024D6B700B0FA2C = {
						CreatedOnToolsVersion = 9.2;
						ProvisioningStyle = Automatic;
					};
				};
			};
			buildConfigurationList = 3CB7D3CC2024D6B700B0FA2C /* Build configuration list for PBXProject "KeyboardStateDemo" */;
			compatibilityVersion = "Xcode 8.0";
			developmentRegion = en;
			hasScannedForEncodings = 0;
			knownRegions = (
				en,
				Base,
			);
			mainGroup = 3CB7D3C82024D6B700B0FA2C;
			productRefGroup = 3CB7D3D22024D6B700B0FA2C /* Products */;
			projectDirPath = "";
			projectRoot = "";
			targets = (
				3CB7D3D02024D6B700B0FA2C /* KeyboardStateDemo */,
			);
		};
/* End PBXProject section */

/* Begin PBXResourcesBuildPhase section */
		3CB7D3CF2024D6B700B0FA2C /* Resources */ = {
			isa = PBXResourcesBuildPhase;
			buildActionMask = 2147483647;
			files = (
				3CB7D3DF2024D6B700B0FA2C /* LaunchScreen.storyboard in Resources */,
				3CB7D3DC2024D6B700B0FA2C /* Assets.xcassets in Resources */,
				3CB7D3DA2024D6B700B0FA2C /* Main.storyboard in Resources */,
			);
			runOnlyForDeploymentPostprocessing = 0;
		};
/* End PBXResourcesBuildPhase section */

/* Begin PBXSourcesBuildPhase section */
		3CB7D3CD2024D6B700B0FA2C /* Sources */ = {
			isa = PBXSourcesBuildPhase;
			buildActionMask = 2147483647;
			files = (
				3CB7D3E72024D6DE00B0FA2C /* KeyboardStateListener.swift in Sources */,
				3CB7D3D72024D6B700B0FA2C /* ViewController.swift in Sources */,
				3CB7D3D52024D6B700B0FA2C /* AppDelegate.swift in Sources */,
			);
			runOnlyForDeploymentPostprocessing = 0;
		};
/* End PBXSourcesBuildPhase section */

/* Begin PBXVariantGroup section */
		3CB7D3D82024D6B700B0FA2C /* Main.storyboard */ = {
			isa = PBXVariantGroup;
			children = (
				3CB7D3D92024D6B700B0FA2C /* Base */,
			);
			name = Main.storyboard;
			sourceTree = "<group>";
		};
		3CB7D3DD2024D6B700B0FA2C /* LaunchScreen.storyboard */ = {
			isa = PBXVariantGroup;
			children = (
				3CB7D3DE2024D6B700B0FA2C /* Base */,
			);
			name = LaunchScreen.storyboard;
			sourceTree = "<group>";
		};
/* End PBXVariantGroup section */

/* Begin XCBuildConfiguration section */
		3CB7D3E12024D6B700B0FA2C /* Debug */ = {
			isa = XCBuildConfiguration;
			buildSettings = {
				ALWAYS_SEARCH_USER_PATHS = NO;
				CLANG_ANALYZER_NONNULL = YES;
				CLANG_ANALYZER_NUMBER_OBJECT_CONVERSION = YES_AGGRESSIVE;
				CLANG_CXX_LANGUAGE_STANDARD = "gnu++14";
				CLANG_CXX_LIBRARY = "libc++";
				CLANG_ENABLE_MODULES = YES;
				CLANG_ENABLE_OBJC_ARC = YES;
				CLANG_WARN_BLOCK_CAPTURE_AUTORELEASING = YES;
				CLANG_WARN_BOOL_CONVERSION = YES;
				CLANG_WARN_COMMA = YES;
				CLANG_WARN_CONSTANT_CONVERSION = YES;
				CLANG_WARN_DIRECT_OBJC_ISA_USAGE = YES_ERROR;
				CLANG_WARN_DOCUMENTATION_COMMENTS = YES;
				CLANG_WARN_EMPTY_BODY = YES;
				CLANG_WARN_ENUM_CONVERSION = YES;
				CLANG_WARN_INFINITE_RECURSION = YES;
				CLANG_WARN_INT_CONVERSION = YES;
				CLANG_WARN_NON_LITERAL_NULL_CONVERSION = YES;
				CLANG_WARN_OBJC_LITERAL_CONVERSION = YES;
				CLANG_WARN_OBJC_ROOT_CLASS = YES_ERROR;
				CLANG_WARN_RANGE_LOOP_ANALYSIS = YES;
				CLANG_WARN_STRICT_PROTOTYPES = YES;
				CLANG_WARN_SUSPICIOUS_MOVE = YES;
				CLANG_WARN_UNGUARDED_AVAILABILITY = YES_AGGRESSIVE;
				CLANG_WARN_UNREACHABLE_CODE = YES;
				CLANG_WARN__DUPLICATE_METHOD_MATCH = YES;
				CODE_SIGN_IDENTITY = "iPhone Developer";
				COPY_PHASE_STRIP = NO;
				DEBUG_INFORMATION_FORMAT = dwarf;
				ENABLE_STRICT_OBJC_MSGSEND = YES;
				ENABLE_TESTABILITY = YES;
				GCC_C_LANGUAGE_STANDARD = gnu11;
				GCC_DYNAMIC_NO_PIC = NO;
				GCC_NO_COMMON_BLOCKS = YES;
				GCC_OPTIMIZATION_LEVEL = 0;
				GCC_PREPROCESSOR_DEFINITIONS = (
					"DEBUG=1",
					"$(inherited)",
				);
				GCC_WARN_64_TO_32_BIT_CONVERSION = YES;
				GCC_WARN_ABOUT_RETURN_TYPE = YES_ERROR;
				GCC_WARN_UNDECLARED_SELECTOR = YES;
				GCC_WARN_UNINITIALIZED_AUTOS = YES_AGGRESSIVE;
				GCC_WARN_UNUSED_FUNCTION = YES;
				GCC_WARN_UNUSED_VARIABLE = YES;
				IPHONEOS_DEPLOYMENT_TARGET = 11.2;
				MTL_ENABLE_DEBUG_INFO = YES;
				ONLY_ACTIVE_ARCH = YES;
				SDKROOT = iphoneos;
				SWIFT_ACTIVE_COMPILATION_CONDITIONS = DEBUG;
				SWIFT_OPTIMIZATION_LEVEL = "-Onone";
			};
			name = Debug;
		};
		3CB7D3E22024D6B700B0FA2C /* Release */ = {
			isa = XCBuildConfiguration;
			buildSettings = {
				ALWAYS_SEARCH_USER_PATHS = NO;
				CLANG_ANALYZER_NONNULL = YES;
				CLANG_ANALYZER_NUMBER_OBJECT_CONVERSION = YES_AGGRESSIVE;
				CLANG_CXX_LANGUAGE_STANDARD = "gnu++14";
				CLANG_CXX_LIBRARY = "libc++";
				CLANG_ENABLE_MODULES = YES;
				CLANG_ENABLE_OBJC_ARC = YES;
				CLANG_WARN_BLOCK_CAPTURE_AUTORELEASING = YES;
				CLANG_WARN_BOOL_CONVERSION = YES;
				CLANG_WARN_COMMA = YES;
				CLANG_WARN_CONSTANT_CONVERSION = YES;
				CLANG_WARN_DIRECT_OBJC_ISA_USAGE = YES_ERROR;
				CLANG_WARN_DOCUMENTATION_COMMENTS = YES;
				CLANG_WARN_EMPTY_BODY = YES;
				CLANG_WARN_ENUM_CONVERSION = YES;
				CLANG_WARN_INFINITE_RECURSION = YES;
				CLANG_WARN_INT_CONVERSION = YES;
				CLANG_WARN_NON_LITERAL_NULL_CONVERSION = YES;
				CLANG_WARN_OBJC_LITERAL_CONVERSION = YES;
				CLANG_WARN_OBJC_ROOT_CLASS = YES_ERROR;
				CLANG_WARN_RANGE_LOOP_ANALYSIS = YES;
				CLANG_WARN_STRICT_PROTOTYPES = YES;
				CLANG_WARN_SUSPICIOUS_MOVE = YES;
				CLANG_WARN_UNGUARDED_AVAILABILITY = YES_AGGRESSIVE;
				CLANG_WARN_UNREACHABLE_CODE = YES;
				CLANG_WARN__DUPLICATE_METHOD_MATCH = YES;
				CODE_SIGN_IDENTITY = "iPhone Developer";
				COPY_PHASE_STRIP = NO;
				DEBUG_INFORMATION_FORMAT = "dwarf-with-dsym";
				ENABLE_NS_ASSERTIONS = NO;
				ENABLE_STRICT_OBJC_MSGSEND = YES;
				GCC_C_LANGUAGE_STANDARD = gnu11;
				GCC_NO_COMMON_BLOCKS = YES;
				GCC_WARN_64_TO_32_BIT_CONVERSION = YES;
				GCC_WARN_ABOUT_RETURN_TYPE = YES_ERROR;
				GCC_WARN_UNDECLARED_SELECTOR = YES;
				GCC_WARN_UNINITIALIZED_AUTOS = YES_AGGRESSIVE;
				GCC_WARN_UNUSED_FUNCTION = YES;
				GCC_WARN_UNUSED_VARIABLE = YES;
				IPHONEOS_DEPLOYMENT_TARGET = 11.2;
				MTL_ENABLE_DEBUG_INFO = NO;
				SDKROOT = iphoneos;
				SWIFT_OPTIMIZATION_LEVEL = "-Owholemodule";
				VALIDATE_PRODUCT = YES;
			};
			name = Release;
		};
		3CB7D3E42024D6B700B0FA2C /* Debug */ = {
			isa = XCBuildConfiguration;
			buildSettings = {
				ASSETCATALOG_COMPILER_APPICON_NAME = AppIcon;
				CODE_SIGN_STYLE = Automatic;
				DEVELOPMENT_TEAM = G9F5S24X43;
				INFOPLIST_FILE = KeyboardStateDemo/Info.plist;
				LD_RUNPATH_SEARCH_PATHS = "$(inherited) @executable_path/Frameworks";
				PRODUCT_BUNDLE_IDENTIFIER = com.danilovdev.KeyboardStateDemo;
				PRODUCT_NAME = "$(TARGET_NAME)";
				SWIFT_VERSION = 4.0;
				TARGETED_DEVICE_FAMILY = "1,2";
			};
			name = Debug;
		};
		3CB7D3E52024D6B700B0FA2C /* Release */ = {
			isa = XCBuildConfiguration;
			buildSettings = {
				ASSETCATALOG_COMPILER_APPICON_NAME = AppIcon;
				CODE_SIGN_STYLE = Automatic;
				DEVELOPMENT_TEAM = G9F5S24X43;
				INFOPLIST_FILE = KeyboardStateDemo/Info.plist;
				LD_RUNPATH_SEARCH_PATHS = "$(inherited) @executable_path/Frameworks";
				PRODUCT_BUNDLE_IDENTIFIER = com.danilovdev.KeyboardStateDemo;
				PRODUCT_NAME = "$(TARGET_NAME)";
				SWIFT_VERSION = 4.0;
				TARGETED_DEVICE_FAMILY = "1,2";
			};
			name = Release;
		};
/* End XCBuildConfiguration section */

/* Begin XCConfigurationList section */
		3CB7D3CC2024D6B700B0FA2C /* Build configuration list for PBXProject "KeyboardStateDemo" */ = {
			isa = XCConfigurationList;
			buildConfigurations = (
				3CB7D3E12024D6B700B0FA2C /* Debug */,
				3CB7D3E22024D6B700B0FA2C /* Release */,
			);
			defaultConfigurationIsVisible = 0;
			defaultConfigurationName = Release;
		};
		3CB7D3E32024D6B700B0FA2C /* Build configuration list for PBXNativeTarget "KeyboardStateDemo" */ = {
			isa = XCConfigurationList;
			buildConfigurations = (
				3CB7D3E42024D6B700B0FA2C /* Debug */,
				3CB7D3E52024D6B700B0FA2C /* Release */,
			);
			defaultConfigurationIsVisible = 0;
			defaultConfigurationName = Release;
		};
/* End XCConfigurationList section */
	};
	rootObject = 3CB7D3C92024D6B700B0FA2C /* Project object */;
}
